// !$*UTF8*$!
{
	archiveVersion = 1;
	classes = {
	};
	objectVersion = 46;
	objects = {

/* Begin PBXBuildFile section */
		9FD3568B1B8B7F9700AF0DB8 /* AppDelegate.swift in Sources */ = {isa = PBXBuildFile; fileRef = 9FD3568A1B8B7F9700AF0DB8 /* AppDelegate.swift */; };
		9FD3568E1B8B7F9700AF0DB8 /* SignupView.xcdatamodeld in Sources */ = {isa = PBXBuildFile; fileRef = 9FD3568C1B8B7F9700AF0DB8 /* SignupView.xcdatamodeld */; };
		9FD356901B8B7F9700AF0DB8 /* ViewController.swift in Sources */ = {isa = PBXBuildFile; fileRef = 9FD3568F1B8B7F9700AF0DB8 /* ViewController.swift */; };
		9FD356931B8B7F9700AF0DB8 /* Main.storyboard in Resources */ = {isa = PBXBuildFile; fileRef = 9FD356911B8B7F9700AF0DB8 /* Main.storyboard */; };
		9FD356951B8B7F9700AF0DB8 /* Images.xcassets in Resources */ = {isa = PBXBuildFile; fileRef = 9FD356941B8B7F9700AF0DB8 /* Images.xcassets */; };
		9FD356981B8B7F9700AF0DB8 /* LaunchScreen.xib in Resources */ = {isa = PBXBuildFile; fileRef = 9FD356961B8B7F9700AF0DB8 /* LaunchScreen.xib */; };
		9FD356AE1B8B7FA700AF0DB8 /* SignupViewController.swift in Sources */ = {isa = PBXBuildFile; fileRef = 9FD356AD1B8B7FA700AF0DB8 /* SignupViewController.swift */; };
		9FD356B21B8B91FC00AF0DB8 /* SignupNameViewController.swift in Sources */ = {isa = PBXBuildFile; fileRef = 9FD356B11B8B91FB00AF0DB8 /* SignupNameViewController.swift */; };
		9FD356B41B8B942900AF0DB8 /* SignupDataController.swift in Sources */ = {isa = PBXBuildFile; fileRef = 9FD356B31B8B942900AF0DB8 /* SignupDataController.swift */; };
		9FD356B71B8BA69A00AF0DB8 /* CustomNavBar.swift in Sources */ = {isa = PBXBuildFile; fileRef = 9FD356B61B8BA69A00AF0DB8 /* CustomNavBar.swift */; };
/* End PBXBuildFile section */

/* Begin PBXFileReference section */
		9FD356851B8B7F9700AF0DB8 /* SignupView.app */ = {isa = PBXFileReference; explicitFileType = wrapper.application; includeInIndex = 0; path = SignupView.app; sourceTree = BUILT_PRODUCTS_DIR; };
		9FD356891B8B7F9700AF0DB8 /* Info.plist */ = {isa = PBXFileReference; lastKnownFileType = text.plist.xml; path = Info.plist; sourceTree = "<group>"; };
		9FD3568A1B8B7F9700AF0DB8 /* AppDelegate.swift */ = {isa = PBXFileReference; lastKnownFileType = sourcecode.swift; path = AppDelegate.swift; sourceTree = "<group>"; };
		9FD3568D1B8B7F9700AF0DB8 /* SignupView.xcdatamodel */ = {isa = PBXFileReference; lastKnownFileType = wrapper.xcdatamodel; path = SignupView.xcdatamodel; sourceTree = "<group>"; };
		9FD3568F1B8B7F9700AF0DB8 /* ViewController.swift */ = {isa = PBXFileReference; lastKnownFileType = sourcecode.swift; path = ViewController.swift; sourceTree = "<group>"; };
		9FD356921B8B7F9700AF0DB8 /* Base */ = {isa = PBXFileReference; lastKnownFileType = file.storyboard; name = Base; path = Base.lproj/Main.storyboard; sourceTree = "<group>"; };
		9FD356941B8B7F9700AF0DB8 /* Images.xcassets */ = {isa = PBXFileReference; lastKnownFileType = folder.assetcatalog; path = Images.xcassets; sourceTree = "<group>"; };
		9FD356971B8B7F9700AF0DB8 /* Base */ = {isa = PBXFileReference; lastKnownFileType = file.xib; name = Base; path = Base.lproj/LaunchScreen.xib; sourceTree = "<group>"; };
		9FD356AD1B8B7FA700AF0DB8 /* SignupViewController.swift */ = {isa = PBXFileReference; fileEncoding = 4; lastKnownFileType = sourcecode.swift; path = SignupViewController.swift; sourceTree = "<group>"; };
		9FD356B11B8B91FB00AF0DB8 /* SignupNameViewController.swift */ = {isa = PBXFileReference; fileEncoding = 4; lastKnownFileType = sourcecode.swift; path = SignupNameViewController.swift; sourceTree = "<group>"; };
		9FD356B31B8B942900AF0DB8 /* SignupDataController.swift */ = {isa = PBXFileReference; fileEncoding = 4; lastKnownFileType = sourcecode.swift; path = SignupDataController.swift; sourceTree = "<group>"; };
		9FD356B61B8BA69A00AF0DB8 /* CustomNavBar.swift */ = {isa = PBXFileReference; fileEncoding = 4; lastKnownFileType = sourcecode.swift; path = CustomNavBar.swift; sourceTree = "<group>"; };
/* End PBXFileReference section */

/* Begin PBXFrameworksBuildPhase section */
		9FD356821B8B7F9700AF0DB8 /* Frameworks */ = {
			isa = PBXFrameworksBuildPhase;
			buildActionMask = 2147483647;
			files = (
			);
			runOnlyForDeploymentPostprocessing = 0;
		};
/* End PBXFrameworksBuildPhase section */

/* Begin PBXGroup section */
		9FD3567C1B8B7F9700AF0DB8 = {
			isa = PBXGroup;
			children = (
				9FD356871B8B7F9700AF0DB8 /* SignupView */,
				9FD356861B8B7F9700AF0DB8 /* Products */,
			);
			sourceTree = "<group>";
		};
		9FD356861B8B7F9700AF0DB8 /* Products */ = {
			isa = PBXGroup;
			children = (
				9FD356851B8B7F9700AF0DB8 /* SignupView.app */,
			);
			name = Products;
			sourceTree = "<group>";
		};
		9FD356871B8B7F9700AF0DB8 /* SignupView */ = {
			isa = PBXGroup;
			children = (
				9FD3568A1B8B7F9700AF0DB8 /* AppDelegate.swift */,
				9FD3568F1B8B7F9700AF0DB8 /* ViewController.swift */,
				9FD356AD1B8B7FA700AF0DB8 /* SignupViewController.swift */,
				9FD356B31B8B942900AF0DB8 /* SignupDataController.swift */,
				9FD356B11B8B91FB00AF0DB8 /* SignupNameViewController.swift */,
				9FD356B61B8BA69A00AF0DB8 /* CustomNavBar.swift */,
				9FD356911B8B7F9700AF0DB8 /* Main.storyboard */,
				9FD356941B8B7F9700AF0DB8 /* Images.xcassets */,
				9FD356961B8B7F9700AF0DB8 /* LaunchScreen.xib */,
				9FD3568C1B8B7F9700AF0DB8 /* SignupView.xcdatamodeld */,
				9FD356881B8B7F9700AF0DB8 /* Supporting Files */,
			);
			path = SignupView;
			sourceTree = "<group>";
		};
		9FD356881B8B7F9700AF0DB8 /* Supporting Files */ = {
			isa = PBXGroup;
			children = (
				9FD356891B8B7F9700AF0DB8 /* Info.plist */,
			);
			name = "Supporting Files";
			sourceTree = "<group>";
		};
/* End PBXGroup section */

/* Begin PBXNativeTarget section */
		9FD356841B8B7F9700AF0DB8 /* SignupView */ = {
			isa = PBXNativeTarget;
			buildConfigurationList = 9FD356A71B8B7F9700AF0DB8 /* Build configuration list for PBXNativeTarget "SignupView" */;
			buildPhases = (
				9FD356811B8B7F9700AF0DB8 /* Sources */,
				9FD356821B8B7F9700AF0DB8 /* Frameworks */,
				9FD356831B8B7F9700AF0DB8 /* Resources */,
			);
			buildRules = (
			);
			dependencies = (
			);
			name = SignupView;
			productName = SignupView;
			productReference = 9FD356851B8B7F9700AF0DB8 /* SignupView.app */;
			productType = "com.apple.product-type.application";
		};
/* End PBXNativeTarget section */

/* Begin PBXProject section */
		9FD3567D1B8B7F9700AF0DB8 /* Project object */ = {
			isa = PBXProject;
			attributes = {
				LastUpgradeCheck = 0640;
				ORGANIZATIONNAME = "KHUN NINE";
				TargetAttributes = {
					9FD356841B8B7F9700AF0DB8 = {
						CreatedOnToolsVersion = 6.4;
					};
				};
			};
			buildConfigurationList = 9FD356801B8B7F9700AF0DB8 /* Build configuration list for PBXProject "SignupView" */;
			compatibilityVersion = "Xcode 3.2";
			developmentRegion = English;
			hasScannedForEncodings = 0;
			knownRegions = (
				en,
				Base,
			);
			mainGroup = 9FD3567C1B8B7F9700AF0DB8;
			productRefGroup = 9FD356861B8B7F9700AF0DB8 /* Products */;
			projectDirPath = "";
			projectRoot = "";
			targets = (
				9FD356841B8B7F9700AF0DB8 /* SignupView */,
			);
		};
/* End PBXProject section */

/* Begin PBXResourcesBuildPhase section */
		9FD356831B8B7F9700AF0DB8 /* Resources */ = {
			isa = PBXResourcesBuildPhase;
			buildActionMask = 2147483647;
			files = (
				9FD356931B8B7F9700AF0DB8 /* Main.storyboard in Resources */,
				9FD356981B8B7F9700AF0DB8 /* LaunchScreen.xib in Resources */,
				9FD356951B8B7F9700AF0DB8 /* Images.xcassets in Resources */,
			);
			runOnlyForDeploymentPostprocessing = 0;
		};
/* End PBXResourcesBuildPhase section */

/* Begin PBXSourcesBuildPhase section */
		9FD356811B8B7F9700AF0DB8 /* Sources */ = {
			isa = PBXSourcesBuildPhase;
			buildActionMask = 2147483647;
			files = (
				9FD356901B8B7F9700AF0DB8 /* ViewController.swift in Sources */,
				9FD3568E1B8B7F9700AF0DB8 /* SignupView.xcdatamodeld in Sources */,
				9FD356AE1B8B7FA700AF0DB8 /* SignupViewController.swift in Sources */,
				9FD356B21B8B91FC00AF0DB8 /* SignupNameViewController.swift in Sources */,
				9FD3568B1B8B7F9700AF0DB8 /* AppDelegate.swift in Sources */,
				9FD356B41B8B942900AF0DB8 /* SignupDataController.swift in Sources */,
				9FD356B71B8BA69A00AF0DB8 /* CustomNavBar.swift in Sources */,
			);
			runOnlyForDeploymentPostprocessing = 0;
		};
/* End PBXSourcesBuildPhase section */

/* Begin PBXVariantGroup section */
		9FD356911B8B7F9700AF0DB8 /* Main.storyboard */ = {
			isa = PBXVariantGroup;
			children = (
				9FD356921B8B7F9700AF0DB8 /* Base */,
			);
			name = Main.storyboard;
			sourceTree = "<group>";
		};
		9FD356961B8B7F9700AF0DB8 /* LaunchScreen.xib */ = {
			isa = PBXVariantGroup;
			children = (
				9FD356971B8B7F9700AF0DB8 /* Base */,
			);
			name = LaunchScreen.xib;
			sourceTree = "<group>";
		};
/* End PBXVariantGroup section */

/* Begin XCBuildConfiguration section */
		9FD356A51B8B7F9700AF0DB8 /* Debug */ = {
			isa = XCBuildConfiguration;
			buildSettings = {
				ALWAYS_SEARCH_USER_PATHS = NO;
				CLANG_CXX_LANGUAGE_STANDARD = "gnu++0x";
				CLANG_CXX_LIBRARY = "libc++";
				CLANG_ENABLE_MODULES = YES;
				CLANG_ENABLE_OBJC_ARC = YES;
				CLANG_WARN_BOOL_CONVERSION = YES;
				CLANG_WARN_CONSTANT_CONVERSION = YES;
				CLANG_WARN_DIRECT_OBJC_ISA_USAGE = YES_ERROR;
				CLANG_WARN_EMPTY_BODY = YES;
				CLANG_WARN_ENUM_CONVERSION = YES;
				CLANG_WARN_INT_CONVERSION = YES;
				CLANG_WARN_OBJC_ROOT_CLASS = YES_ERROR;
				CLANG_WARN_UNREACHABLE_CODE = YES;
				CLANG_WARN__DUPLICATE_METHOD_MATCH = YES;
				"CODE_SIGN_IDENTITY[sdk=iphoneos*]" = "iPhone Developer";
				COPY_PHASE_STRIP = NO;
				DEBUG_INFORMATION_FORMAT = "dwarf-with-dsym";
				ENABLE_STRICT_OBJC_MSGSEND = YES;
				GCC_C_LANGUAGE_STANDARD = gnu99;
				GCC_DYNAMIC_NO_PIC = NO;
				GCC_NO_COMMON_BLOCKS = YES;
				GCC_OPTIMIZATION_LEVEL = 0;
				GCC_PREPROCESSOR_DEFINITIONS = (
					"DEBUG=1",
					"$(inherited)",
				);
				GCC_SYMBOLS_PRIVATE_EXTERN = NO;
				GCC_WARN_64_TO_32_BIT_CONVERSION = YES;
				GCC_WARN_ABOUT_RETURN_TYPE = YES_ERROR;
				GCC_WARN_UNDECLARED_SELECTOR = YES;
				GCC_WARN_UNINITIALIZED_AUTOS = YES_AGGRESSIVE;
				GCC_WARN_UNUSED_FUNCTION = YES;
				GCC_WARN_UNUSED_VARIABLE = YES;
				IPHONEOS_DEPLOYMENT_TARGET = 8.4;
				MTL_ENABLE_DEBUG_INFO = YES;
				ONLY_ACTIVE_ARCH = YES;
				SDKROOT = iphoneos;
				SWIFT_OPTIMIZATION_LEVEL = "-Onone";
			};
			name = Debug;
		};
		9FD356A61B8B7F9700AF0DB8 /* Release */ = {
			isa = XCBuildConfiguration;
			buildSettings = {
				ALWAYS_SEARCH_USER_PATHS = NO;
				CLANG_CXX_LANGUAGE_STANDARD = "gnu++0x";
				CLANG_CXX_LIBRARY = "libc++";
				CLANG_ENABLE_MODULES = YES;
				CLANG_ENABLE_OBJC_ARC = YES;
				CLANG_WARN_BOOL_CONVERSION = YES;
				CLANG_WARN_CONSTANT_CONVERSION = YES;
				CLANG_WARN_DIRECT_OBJC_ISA_USAGE = YES_ERROR;
				CLANG_WARN_EMPTY_BODY = YES;
				CLANG_WARN_ENUM_CONVERSION = YES;
				CLANG_WARN_INT_CONVERSION = YES;
				CLANG_WARN_OBJC_ROOT_CLASS = YES_ERROR;
				CLANG_WARN_UNREACHABLE_CODE = YES;
				CLANG_WARN__DUPLICATE_METHOD_MATCH = YES;
				"CODE_SIGN_IDENTITY[sdk=iphoneos*]" = "iPhone Developer";
				COPY_PHASE_STRIP = NO;
				DEBUG_INFORMATION_FORMAT = "dwarf-with-dsym";
				ENABLE_NS_ASSERTIONS = NO;
				ENABLE_STRICT_OBJC_MSGSEND = YES;
				GCC_C_LANGUAGE_STANDARD = gnu99;
				GCC_NO_COMMON_BLOCKS = YES;
				GCC_WARN_64_TO_32_BIT_CONVERSION = YES;
				GCC_WARN_ABOUT_RETURN_TYPE = YES_ERROR;
				GCC_WARN_UNDECLARED_SELECTOR = YES;
				GCC_WARN_UNINITIALIZED_AUTOS = YES_AGGRESSIVE;
				GCC_WARN_UNUSED_FUNCTION = YES;
				GCC_WARN_UNUSED_VARIABLE = YES;
				IPHONEOS_DEPLOYMENT_TARGET = 8.4;
				MTL_ENABLE_DEBUG_INFO = NO;
				SDKROOT = iphoneos;
				VALIDATE_PRODUCT = YES;
			};
			name = Release;
		};
		9FD356A81B8B7F9700AF0DB8 /* Debug */ = {
			isa = XCBuildConfiguration;
			buildSettings = {
				ASSETCATALOG_COMPILER_APPICON_NAME = AppIcon;
				INFOPLIST_FILE = SignupView/Info.plist;
				LD_RUNPATH_SEARCH_PATHS = "$(inherited) @executable_path/Frameworks";
				PRODUCT_NAME = "$(TARGET_NAME)";
			};
			name = Debug;
		};
		9FD356A91B8B7F9700AF0DB8 /* Release */ = {
			isa = XCBuildConfiguration;
			buildSettings = {
				ASSETCATALOG_COMPILER_APPICON_NAME = AppIcon;
				INFOPLIST_FILE = SignupView/Info.plist;
				LD_RUNPATH_SEARCH_PATHS = "$(inherited) @executable_path/Frameworks";
				PRODUCT_NAME = "$(TARGET_NAME)";
			};
			name = Release;
		};
/* End XCBuildConfiguration section */

/* Begin XCConfigurationList section */
		9FD356801B8B7F9700AF0DB8 /* Build configuration list for PBXProject "SignupView" */ = {
			isa = XCConfigurationList;
			buildConfigurations = (
				9FD356A51B8B7F9700AF0DB8 /* Debug */,
				9FD356A61B8B7F9700AF0DB8 /* Release */,
			);
			defaultConfigurationIsVisible = 0;
			defaultConfigurationName = Release;
		};
		9FD356A71B8B7F9700AF0DB8 /* Build configuration list for PBXNativeTarget "SignupView" */ = {
			isa = XCConfigurationList;
			buildConfigurations = (
				9FD356A81B8B7F9700AF0DB8 /* Debug */,
				9FD356A91B8B7F9700AF0DB8 /* Release */,
			);
			defaultConfigurationIsVisible = 0;
			defaultConfigurationName = Release;
		};
/* End XCConfigurationList section */

/* Begin XCVersionGroup section */
		9FD3568C1B8B7F9700AF0DB8 /* SignupView.xcdatamodeld */ = {
			isa = XCVersionGroup;
			children = (
				9FD3568D1B8B7F9700AF0DB8 /* SignupView.xcdatamodel */,
			);
			currentVersion = 9FD3568D1B8B7F9700AF0DB8 /* SignupView.xcdatamodel */;
			path = SignupView.xcdatamodeld;
			sourceTree = "<group>";
			versionGroupType = wrapper.xcdatamodel;
		};
/* End XCVersionGroup section */
	};
	rootObject = 9FD3567D1B8B7F9700AF0DB8 /* Project object */;
}
